
Microsoft Visual Studio Solution File, Format Version 12.00
# Visual Studio Express 2012 for Windows Desktop
Project("{FAE04EC0-301F-11D3-BF4B-00C04F79EFBC}") = "DaAn.AdvancedRawEditor", "DaAn.AdvancedRawEditor\DaAn.AdvancedRawEditor.csproj", "{A9A5A0D6-8A3E-481D-8B29-772E3BA6E620}"
EndProject
Project("{FAE04EC0-301F-11D3-BF4B-00C04F79EFBC}") = "DaAn.AdvancedRawEditor.Layers", "DaAn.AdvancedRawEditor.Layers\DaAn.AdvancedRawEditor.Layers.csproj", "{C43CDE33-576C-4EF7-9B44-DB56EEC79CC8}"
EndProject
Project("{FAE04EC0-301F-11D3-BF4B-00C04F79EFBC}") = "DaAn.AdvancedRawEditor.Layers.Test", "DaAn.AdvancedRawEditor.Layers.Test\DaAn.AdvancedRawEditor.Layers.Test.csproj", "{E1C83D56-3BC8-429D-8B93-8A28304CF5A5}"
EndProject
Project("{FAE04EC0-301F-11D3-BF4B-00C04F79EFBC}") = "DaAn.AdvancedRawEditor.Controls", "DaAn.AdvancedRawEditor.Controls\DaAn.AdvancedRawEditor.Controls.csproj", "{2F471BD4-5CC8-422B-81AA-A476A86F7C62}"
EndProject
Global
	GlobalSection(SolutionConfigurationPlatforms) = preSolution
		Debug|Any CPU = Debug|Any CPU
		Release|Any CPU = Release|Any CPU
	EndGlobalSection
	GlobalSection(ProjectConfigurationPlatforms) = postSolution
		{A9A5A0D6-8A3E-481D-8B29-772E3BA6E620}.Debug|Any CPU.ActiveCfg = Debug|Any CPU
		{A9A5A0D6-8A3E-481D-8B29-772E3BA6E620}.Debug|Any CPU.Build.0 = Debug|Any CPU
		{A9A5A0D6-8A3E-481D-8B29-772E3BA6E620}.Release|Any CPU.ActiveCfg = Release|Any CPU
		{A9A5A0D6-8A3E-481D-8B29-772E3BA6E620}.Release|Any CPU.Build.0 = Release|Any CPU
		{C43CDE33-576C-4EF7-9B44-DB56EEC79CC8}.Debug|Any CPU.ActiveCfg = Debug|Any CPU
		{C43CDE33-576C-4EF7-9B44-DB56EEC79CC8}.Debug|Any CPU.Build.0 = Debug|Any CPU
		{C43CDE33-576C-4EF7-9B44-DB56EEC79CC8}.Release|Any CPU.ActiveCfg = Release|Any CPU
		{C43CDE33-576C-4EF7-9B44-DB56EEC79CC8}.Release|Any CPU.Build.0 = Release|Any CPU
		{E1C83D56-3BC8-429D-8B93-8A28304CF5A5}.Debug|Any CPU.ActiveCfg = Debug|Any CPU
		{E1C83D56-3BC8-429D-8B93-8A28304CF5A5}.Debug|Any CPU.Build.0 = Debug|Any CPU
		{E1C83D56-3BC8-429D-8B93-8A28304CF5A5}.Release|Any CPU.ActiveCfg = Release|Any CPU
		{E1C83D56-3BC8-429D-8B93-8A28304CF5A5}.Release|Any CPU.Build.0 = Release|Any CPU
		{2F471BD4-5CC8-422B-81AA-A476A86F7C62}.Debug|Any CPU.ActiveCfg = Debug|Any CPU
		{2F471BD4-5CC8-422B-81AA-A476A86F7C62}.Debug|Any CPU.Build.0 = Debug|Any CPU
		{2F471BD4-5CC8-422B-81AA-A476A86F7C62}.Release|Any CPU.ActiveCfg = Release|Any CPU
		{2F471BD4-5CC8-422B-81AA-A476A86F7C62}.Release|Any CPU.Build.0 = Release|Any CPU
	EndGlobalSection
	GlobalSection(SolutionProperties) = preSolution
		HideSolutionNode = FALSE
	EndGlobalSection
EndGlobal
